
Microsoft Visual Studio Solution File, Format Version 12.00
# Visual Studio Version 17
VisualStudioVersion = 17.10.35013.160
MinimumVisualStudioVersion = 10.0.40219.1
Project("{FAE04EC0-301F-11D3-BF4B-00C04F79EFBC}") = "OOP Practical", "OOP Practical\OOP Practical.csproj", "{E8C72B1F-48AC-4D64-BE34-03CC664DDE73}"
EndProject
Global
	GlobalSection(SolutionConfigurationPlatforms) = preSolution
		Debug|Any CPU = Debug|Any CPU
		Release|Any CPU = Release|Any CPU
	EndGlobalSection
	GlobalSection(ProjectConfigurationPlatforms) = postSolution
		{E8C72B1F-48AC-4D64-BE34-03CC664DDE73}.Debug|Any CPU.ActiveCfg = Debug|Any CPU
		{E8C72B1F-48AC-4D64-BE34-03CC664DDE73}.Debug|Any CPU.Build.0 = Debug|Any CPU
		{E8C72B1F-48AC-4D64-BE34-03CC664DDE73}.Release|Any CPU.ActiveCfg = Release|Any CPU
		{E8C72B1F-48AC-4D64-BE34-03CC664DDE73}.Release|Any CPU.Build.0 = Release|Any CPU
	EndGlobalSection
	GlobalSection(SolutionProperties) = preSolution
		HideSolutionNode = FALSE
	EndGlobalSection
	GlobalSection(ExtensibilityGlobals) = postSolution
		SolutionGuid = {36C7A952-8CA8-4790-9DE2-216BA0C8C2FE}
	EndGlobalSection
EndGlobal
