
Microsoft Visual Studio Solution File, Format Version 12.00
# Visual Studio Version 17
VisualStudioVersion = 17.10.35013.160
MinimumVisualStudioVersion = 10.0.40219.1
Project("{FAE04EC0-301F-11D3-BF4B-00C04F79EFBC}") = "Binary Tree Traversal", "Binary Tree Traversal\Binary Tree Traversal.csproj", "{DB0B3D6B-3C50-40A2-8CE5-6C244A93BC4F}"
EndProject
Global
	GlobalSection(SolutionConfigurationPlatforms) = preSolution
		Debug|Any CPU = Debug|Any CPU
		Release|Any CPU = Release|Any CPU
	EndGlobalSection
	GlobalSection(ProjectConfigurationPlatforms) = postSolution
		{DB0B3D6B-3C50-40A2-8CE5-6C244A93BC4F}.Debug|Any CPU.ActiveCfg = Debug|Any CPU
		{DB0B3D6B-3C50-40A2-8CE5-6C244A93BC4F}.Debug|Any CPU.Build.0 = Debug|Any CPU
		{DB0B3D6B-3C50-40A2-8CE5-6C244A93BC4F}.Release|Any CPU.ActiveCfg = Release|Any CPU
		{DB0B3D6B-3C50-40A2-8CE5-6C244A93BC4F}.Release|Any CPU.Build.0 = Release|Any CPU
	EndGlobalSection
	GlobalSection(SolutionProperties) = preSolution
		HideSolutionNode = FALSE
	EndGlobalSection
	GlobalSection(ExtensibilityGlobals) = postSolution
		SolutionGuid = {D806948B-D526-4CC0-B7A9-876D4D797D0E}
	EndGlobalSection
EndGlobal
